
Microsoft Visual Studio Solution File, Format Version 12.00
# Visual Studio Version 17
VisualStudioVersion = 17.5.001.0
MinimumVisualStudioVersion = 10.0.40219.1
Project("{9A19103F-16F7-4668-BE54-9A1E7A4F7556}") = "Aula02", "Aula02.csproj", "{F1F2E48C-61AA-4418-A571-30C8CBF374EC}"
EndProject
Global
	GlobalSection(SolutionConfigurationPlatforms) = preSolution
		Debug|Any CPU = Debug|Any CPU
		Release|Any CPU = Release|Any CPU
	EndGlobalSection
	GlobalSection(ProjectConfigurationPlatforms) = postSolution
		{F1F2E48C-61AA-4418-A571-30C8CBF374EC}.Debug|Any CPU.ActiveCfg = Debug|Any CPU
		{F1F2E48C-61AA-4418-A571-30C8CBF374EC}.Debug|Any CPU.Build.0 = Debug|Any CPU
		{F1F2E48C-61AA-4418-A571-30C8CBF374EC}.Release|Any CPU.ActiveCfg = Release|Any CPU
		{F1F2E48C-61AA-4418-A571-30C8CBF374EC}.Release|Any CPU.Build.0 = Release|Any CPU
	EndGlobalSection
	GlobalSection(SolutionProperties) = preSolution
		HideSolutionNode = FALSE
	EndGlobalSection
	GlobalSection(ExtensibilityGlobals) = postSolution
		SolutionGuid = {8E211265-CC0B-4307-9CE3-EF0D2CE4A00F}
	EndGlobalSection
EndGlobal
